
Microsoft Visual Studio Solution File, Format Version 12.00
# Visual Studio Version 17
VisualStudioVersion = 17.2.32602.215
MinimumVisualStudioVersion = 10.0.40219.1
Project("{9A19103F-16F7-4668-BE54-9A1E7A4F7556}") = "MobirollerTestProject.Api", "MobirollerTestProject.Api\MobirollerTestProject.Api.csproj", "{8975E109-95AD-48EB-9A85-8ABAA55179C4}"
EndProject
Project("{9A19103F-16F7-4668-BE54-9A1E7A4F7556}") = "MobirollerTestProject.DataAccess", "MobirollerTestProject.DataAccess\MobirollerTestProject.DataAccess.csproj", "{066F86F3-ED30-49D8-8242-62096316F263}"
EndProject
Project("{9A19103F-16F7-4668-BE54-9A1E7A4F7556}") = "Repositories", "Repositories\Repositories.csproj", "{2F23C170-EB23-4737-9FBF-871FD1965344}"
EndProject
Project("{FAE04EC0-301F-11D3-BF4B-00C04F79EFBC}") = "Admin", "Admin\Admin.csproj", "{CD08740D-6594-4E8C-8800-B5E2E7ADF400}"
EndProject
Global
	GlobalSection(SolutionConfigurationPlatforms) = preSolution
		Debug|Any CPU = Debug|Any CPU
		Release|Any CPU = Release|Any CPU
	EndGlobalSection
	GlobalSection(ProjectConfigurationPlatforms) = postSolution
		{8975E109-95AD-48EB-9A85-8ABAA55179C4}.Debug|Any CPU.ActiveCfg = Debug|Any CPU
		{8975E109-95AD-48EB-9A85-8ABAA55179C4}.Debug|Any CPU.Build.0 = Debug|Any CPU
		{8975E109-95AD-48EB-9A85-8ABAA55179C4}.Release|Any CPU.ActiveCfg = Release|Any CPU
		{8975E109-95AD-48EB-9A85-8ABAA55179C4}.Release|Any CPU.Build.0 = Release|Any CPU
		{066F86F3-ED30-49D8-8242-62096316F263}.Debug|Any CPU.ActiveCfg = Debug|Any CPU
		{066F86F3-ED30-49D8-8242-62096316F263}.Debug|Any CPU.Build.0 = Debug|Any CPU
		{066F86F3-ED30-49D8-8242-62096316F263}.Release|Any CPU.ActiveCfg = Release|Any CPU
		{066F86F3-ED30-49D8-8242-62096316F263}.Release|Any CPU.Build.0 = Release|Any CPU
		{2F23C170-EB23-4737-9FBF-871FD1965344}.Debug|Any CPU.ActiveCfg = Debug|Any CPU
		{2F23C170-EB23-4737-9FBF-871FD1965344}.Debug|Any CPU.Build.0 = Debug|Any CPU
		{2F23C170-EB23-4737-9FBF-871FD1965344}.Release|Any CPU.ActiveCfg = Release|Any CPU
		{2F23C170-EB23-4737-9FBF-871FD1965344}.Release|Any CPU.Build.0 = Release|Any CPU
		{CD08740D-6594-4E8C-8800-B5E2E7ADF400}.Debug|Any CPU.ActiveCfg = Debug|Any CPU
		{CD08740D-6594-4E8C-8800-B5E2E7ADF400}.Debug|Any CPU.Build.0 = Debug|Any CPU
		{CD08740D-6594-4E8C-8800-B5E2E7ADF400}.Release|Any CPU.ActiveCfg = Release|Any CPU
		{CD08740D-6594-4E8C-8800-B5E2E7ADF400}.Release|Any CPU.Build.0 = Release|Any CPU
	EndGlobalSection
	GlobalSection(SolutionProperties) = preSolution
		HideSolutionNode = FALSE
	EndGlobalSection
	GlobalSection(ExtensibilityGlobals) = postSolution
		SolutionGuid = {0133AB74-032F-4FB2-A47B-452DCCE85B50}
	EndGlobalSection
EndGlobal
